
Microsoft Visual Studio Solution File, Format Version 12.00
# Visual Studio Version 16
VisualStudioVersion = 16.0.30320.27
MinimumVisualStudioVersion = 10.0.40219.1
Project("{9A19103F-16F7-4668-BE54-9A1E7A4F7556}") = "MerfToSDPForJava", "src\MerfToSDPForJava\MerfToSDPForJava.csproj", "{57657B28-4E7F-4CD3-BD06-A0DBB2D6B7A0}"
EndProject
Project("{2150E333-8FDC-42A3-9474-1A3956D46DE8}") = "src", "src", "{4629663B-032C-4FF6-8EB9-C821E9FD8952}"
EndProject
Project("{9A19103F-16F7-4668-BE54-9A1E7A4F7556}") = "Microsoft.Content.Build.MerfToSDPForJava.DataContracts", "src\Microsoft.Content.Build.MerfToSDPForJava.SDP.DataContracts\Microsoft.Content.Build.MerfToSDPForJava.DataContracts.csproj", "{92EE20FF-2088-429A-9A27-314BFDDC3E4F}"
EndProject
Project("{9A19103F-16F7-4668-BE54-9A1E7A4F7556}") = "Microsoft.Content.Build.MerfToSDPForJava.Constants", "src\Microsoft.Content.Build.MerfToSDPForJava.Constants\Microsoft.Content.Build.MerfToSDPForJava.Constants.csproj", "{FF02FCF1-1C69-450E-B531-1A52F3042841}"
EndProject
Project("{9A19103F-16F7-4668-BE54-9A1E7A4F7556}") = "Microsoft.Content.Build.MerfToSDPForJava.Steps", "src\Microsoft.Content.Build.MerfToSDPForJava.Steps\Microsoft.Content.Build.MerfToSDPForJava.Steps.csproj", "{496F41B5-B8BF-4B0F-BF8D-68682A4FA93A}"
EndProject
Project("{9A19103F-16F7-4668-BE54-9A1E7A4F7556}") = "Microsoft.Content.Build.MerfToSDPForJava.Common", "src\Microsoft.Content.Build.MerfToSDPForJava.Common\Microsoft.Content.Build.MerfToSDPForJava.Common.csproj", "{6C86C721-7552-4860-8143-1F76D1D9748D}"
EndProject
Project("{FAE04EC0-301F-11D3-BF4B-00C04F79EFBC}") = "Microsoft.Content.Build.MerfToSDPForJava.Interpreter", "src\Microsoft.Content.Build.MerfToSDPForJava.Interpreter\Microsoft.Content.Build.MerfToSDPForJava.Interpreter.csproj", "{5B82F52F-F9CB-4B91-9080-40B08BABDBD9}"
EndProject
Global
	GlobalSection(SolutionConfigurationPlatforms) = preSolution
		Debug|Any CPU = Debug|Any CPU
		Release|Any CPU = Release|Any CPU
	EndGlobalSection
	GlobalSection(ProjectConfigurationPlatforms) = postSolution
		{57657B28-4E7F-4CD3-BD06-A0DBB2D6B7A0}.Debug|Any CPU.ActiveCfg = Debug|Any CPU
		{57657B28-4E7F-4CD3-BD06-A0DBB2D6B7A0}.Debug|Any CPU.Build.0 = Debug|Any CPU
		{57657B28-4E7F-4CD3-BD06-A0DBB2D6B7A0}.Release|Any CPU.ActiveCfg = Release|Any CPU
		{57657B28-4E7F-4CD3-BD06-A0DBB2D6B7A0}.Release|Any CPU.Build.0 = Release|Any CPU
		{92EE20FF-2088-429A-9A27-314BFDDC3E4F}.Debug|Any CPU.ActiveCfg = Debug|Any CPU
		{92EE20FF-2088-429A-9A27-314BFDDC3E4F}.Debug|Any CPU.Build.0 = Debug|Any CPU
		{92EE20FF-2088-429A-9A27-314BFDDC3E4F}.Release|Any CPU.ActiveCfg = Release|Any CPU
		{92EE20FF-2088-429A-9A27-314BFDDC3E4F}.Release|Any CPU.Build.0 = Release|Any CPU
		{FF02FCF1-1C69-450E-B531-1A52F3042841}.Debug|Any CPU.ActiveCfg = Debug|Any CPU
		{FF02FCF1-1C69-450E-B531-1A52F3042841}.Debug|Any CPU.Build.0 = Debug|Any CPU
		{FF02FCF1-1C69-450E-B531-1A52F3042841}.Release|Any CPU.ActiveCfg = Release|Any CPU
		{FF02FCF1-1C69-450E-B531-1A52F3042841}.Release|Any CPU.Build.0 = Release|Any CPU
		{496F41B5-B8BF-4B0F-BF8D-68682A4FA93A}.Debug|Any CPU.ActiveCfg = Debug|Any CPU
		{496F41B5-B8BF-4B0F-BF8D-68682A4FA93A}.Debug|Any CPU.Build.0 = Debug|Any CPU
		{496F41B5-B8BF-4B0F-BF8D-68682A4FA93A}.Release|Any CPU.ActiveCfg = Release|Any CPU
		{496F41B5-B8BF-4B0F-BF8D-68682A4FA93A}.Release|Any CPU.Build.0 = Release|Any CPU
		{6C86C721-7552-4860-8143-1F76D1D9748D}.Debug|Any CPU.ActiveCfg = Debug|Any CPU
		{6C86C721-7552-4860-8143-1F76D1D9748D}.Debug|Any CPU.Build.0 = Debug|Any CPU
		{6C86C721-7552-4860-8143-1F76D1D9748D}.Release|Any CPU.ActiveCfg = Release|Any CPU
		{6C86C721-7552-4860-8143-1F76D1D9748D}.Release|Any CPU.Build.0 = Release|Any CPU
		{5B82F52F-F9CB-4B91-9080-40B08BABDBD9}.Debug|Any CPU.ActiveCfg = Debug|Any CPU
		{5B82F52F-F9CB-4B91-9080-40B08BABDBD9}.Debug|Any CPU.Build.0 = Debug|Any CPU
		{5B82F52F-F9CB-4B91-9080-40B08BABDBD9}.Release|Any CPU.ActiveCfg = Release|Any CPU
		{5B82F52F-F9CB-4B91-9080-40B08BABDBD9}.Release|Any CPU.Build.0 = Release|Any CPU
	EndGlobalSection
	GlobalSection(SolutionProperties) = preSolution
		HideSolutionNode = FALSE
	EndGlobalSection
	GlobalSection(NestedProjects) = preSolution
		{57657B28-4E7F-4CD3-BD06-A0DBB2D6B7A0} = {4629663B-032C-4FF6-8EB9-C821E9FD8952}
		{92EE20FF-2088-429A-9A27-314BFDDC3E4F} = {4629663B-032C-4FF6-8EB9-C821E9FD8952}
		{FF02FCF1-1C69-450E-B531-1A52F3042841} = {4629663B-032C-4FF6-8EB9-C821E9FD8952}
		{496F41B5-B8BF-4B0F-BF8D-68682A4FA93A} = {4629663B-032C-4FF6-8EB9-C821E9FD8952}
		{6C86C721-7552-4860-8143-1F76D1D9748D} = {4629663B-032C-4FF6-8EB9-C821E9FD8952}
		{5B82F52F-F9CB-4B91-9080-40B08BABDBD9} = {4629663B-032C-4FF6-8EB9-C821E9FD8952}
	EndGlobalSection
	GlobalSection(ExtensibilityGlobals) = postSolution
		SolutionGuid = {28D21BFE-97F1-404F-BEAE-C494913C3953}
	EndGlobalSection
EndGlobal
